
Microsoft Visual Studio Solution File, Format Version 12.00
# Visual Studio Version 16
VisualStudioVersion = 16.0.28729.10
MinimumVisualStudioVersion = 10.0.40219.1
Project("{2150E333-8FDC-42A3-9474-1A3956D46DE8}") = "Src", "Src", "{8C9E59D8-1005-4421-A864-2EE59DB6D73C}"
EndProject
Project("{2150E333-8FDC-42A3-9474-1A3956D46DE8}") = "Test", "Test", "{468EA012-F5D6-4179-9911-2F8DB318C0BA}"
EndProject
Project("{2150E333-8FDC-42A3-9474-1A3956D46DE8}") = "Common", "Common", "{B71148A3-EAEC-496D-A2D5-BA9578E80A9D}"
EndProject
Project("{2150E333-8FDC-42A3-9474-1A3956D46DE8}") = "Security", "Security", "{3843F126-235D-4CB9-BE05-766F2411CBD1}"
EndProject
Project("{9A19103F-16F7-4668-BE54-9A1E7A4F7556}") = "Common.General", "Src\Common\Common.General\Common.General.csproj", "{B57DCAF5-0EE6-4D24-B728-FD8C8D6F2ED0}"
EndProject
Project("{9A19103F-16F7-4668-BE54-9A1E7A4F7556}") = "Security.Infrastructure", "Src\Security\Security.Infrastructure\Security.Infrastructure.csproj", "{55BD2B98-12E5-455F-9801-8C7FB5FBD538}"
EndProject
Project("{9A19103F-16F7-4668-BE54-9A1E7A4F7556}") = "Security.Core", "Src\Security\Security.Core\Security.Core.csproj", "{4608B289-72A4-4E42-93FF-6371D30A2AA7}"
EndProject
Project("{9A19103F-16F7-4668-BE54-9A1E7A4F7556}") = "Security.API", "Src\Security\Security.API\Security.API.csproj", "{82D6808A-F7C2-4595-A28B-6E619CA10F08}"
EndProject
Project("{FAE04EC0-301F-11D3-BF4B-00C04F79EFBC}") = "Common.Extensions", "Src\Common\Common.Extensions\Common.Extensions.csproj", "{9948BD83-396D-4D91-BEEA-2550F71AD617}"
EndProject
Project("{2150E333-8FDC-42A3-9474-1A3956D46DE8}") = "Common.Tests", "Common.Tests", "{BE601E16-E40F-46AC-9E3C-546FC216D143}"
EndProject
Project("{2150E333-8FDC-42A3-9474-1A3956D46DE8}") = "Secuirty.Tests", "Secuirty.Tests", "{6314257F-F115-4386-907B-B3718EE4C637}"
EndProject
Global
	GlobalSection(SolutionConfigurationPlatforms) = preSolution
		Debug|Any CPU = Debug|Any CPU
		Release|Any CPU = Release|Any CPU
	EndGlobalSection
	GlobalSection(ProjectConfigurationPlatforms) = postSolution
		{B57DCAF5-0EE6-4D24-B728-FD8C8D6F2ED0}.Debug|Any CPU.ActiveCfg = Debug|Any CPU
		{B57DCAF5-0EE6-4D24-B728-FD8C8D6F2ED0}.Debug|Any CPU.Build.0 = Debug|Any CPU
		{B57DCAF5-0EE6-4D24-B728-FD8C8D6F2ED0}.Release|Any CPU.ActiveCfg = Release|Any CPU
		{B57DCAF5-0EE6-4D24-B728-FD8C8D6F2ED0}.Release|Any CPU.Build.0 = Release|Any CPU
		{55BD2B98-12E5-455F-9801-8C7FB5FBD538}.Debug|Any CPU.ActiveCfg = Debug|Any CPU
		{55BD2B98-12E5-455F-9801-8C7FB5FBD538}.Debug|Any CPU.Build.0 = Debug|Any CPU
		{55BD2B98-12E5-455F-9801-8C7FB5FBD538}.Release|Any CPU.ActiveCfg = Release|Any CPU
		{55BD2B98-12E5-455F-9801-8C7FB5FBD538}.Release|Any CPU.Build.0 = Release|Any CPU
		{4608B289-72A4-4E42-93FF-6371D30A2AA7}.Debug|Any CPU.ActiveCfg = Debug|Any CPU
		{4608B289-72A4-4E42-93FF-6371D30A2AA7}.Debug|Any CPU.Build.0 = Debug|Any CPU
		{4608B289-72A4-4E42-93FF-6371D30A2AA7}.Release|Any CPU.ActiveCfg = Release|Any CPU
		{4608B289-72A4-4E42-93FF-6371D30A2AA7}.Release|Any CPU.Build.0 = Release|Any CPU
		{82D6808A-F7C2-4595-A28B-6E619CA10F08}.Debug|Any CPU.ActiveCfg = Debug|Any CPU
		{82D6808A-F7C2-4595-A28B-6E619CA10F08}.Debug|Any CPU.Build.0 = Debug|Any CPU
		{82D6808A-F7C2-4595-A28B-6E619CA10F08}.Release|Any CPU.ActiveCfg = Release|Any CPU
		{82D6808A-F7C2-4595-A28B-6E619CA10F08}.Release|Any CPU.Build.0 = Release|Any CPU
		{9948BD83-396D-4D91-BEEA-2550F71AD617}.Debug|Any CPU.ActiveCfg = Debug|Any CPU
		{9948BD83-396D-4D91-BEEA-2550F71AD617}.Debug|Any CPU.Build.0 = Debug|Any CPU
		{9948BD83-396D-4D91-BEEA-2550F71AD617}.Release|Any CPU.ActiveCfg = Release|Any CPU
		{9948BD83-396D-4D91-BEEA-2550F71AD617}.Release|Any CPU.Build.0 = Release|Any CPU
	EndGlobalSection
	GlobalSection(SolutionProperties) = preSolution
		HideSolutionNode = FALSE
	EndGlobalSection
	GlobalSection(NestedProjects) = preSolution
		{B71148A3-EAEC-496D-A2D5-BA9578E80A9D} = {8C9E59D8-1005-4421-A864-2EE59DB6D73C}
		{3843F126-235D-4CB9-BE05-766F2411CBD1} = {8C9E59D8-1005-4421-A864-2EE59DB6D73C}
		{B57DCAF5-0EE6-4D24-B728-FD8C8D6F2ED0} = {B71148A3-EAEC-496D-A2D5-BA9578E80A9D}
		{55BD2B98-12E5-455F-9801-8C7FB5FBD538} = {3843F126-235D-4CB9-BE05-766F2411CBD1}
		{4608B289-72A4-4E42-93FF-6371D30A2AA7} = {3843F126-235D-4CB9-BE05-766F2411CBD1}
		{82D6808A-F7C2-4595-A28B-6E619CA10F08} = {3843F126-235D-4CB9-BE05-766F2411CBD1}
		{9948BD83-396D-4D91-BEEA-2550F71AD617} = {B71148A3-EAEC-496D-A2D5-BA9578E80A9D}
		{BE601E16-E40F-46AC-9E3C-546FC216D143} = {468EA012-F5D6-4179-9911-2F8DB318C0BA}
		{6314257F-F115-4386-907B-B3718EE4C637} = {468EA012-F5D6-4179-9911-2F8DB318C0BA}
	EndGlobalSection
	GlobalSection(ExtensibilityGlobals) = postSolution
		SolutionGuid = {EE637489-325D-411B-9178-14A37E5FA3D8}
	EndGlobalSection
EndGlobal
