
Microsoft Visual Studio Solution File, Format Version 12.00
# Visual Studio Version 16
VisualStudioVersion = 16.0.28729.10
MinimumVisualStudioVersion = 10.0.40219.1
Project("{2150E333-8FDC-42A3-9474-1A3956D46DE8}") = "Src", "Src", "{8C9E59D8-1005-4421-A864-2EE59DB6D73C}"
EndProject
Project("{2150E333-8FDC-42A3-9474-1A3956D46DE8}") = "Test", "Test", "{468EA012-F5D6-4179-9911-2F8DB318C0BA}"
EndProject
Project("{2150E333-8FDC-42A3-9474-1A3956D46DE8}") = "Security", "Security", "{3843F126-235D-4CB9-BE05-766F2411CBD1}"
EndProject
Project("{9A19103F-16F7-4668-BE54-9A1E7A4F7556}") = "Common.General", "Src\0-Common\Common.General\Common.General.csproj", "{B57DCAF5-0EE6-4D24-B728-FD8C8D6F2ED0}"
EndProject
Project("{9A19103F-16F7-4668-BE54-9A1E7A4F7556}") = "Security.Infrastructure", "Src\1-Service\Security\Security.Infrastructure\Security.Infrastructure.csproj", "{55BD2B98-12E5-455F-9801-8C7FB5FBD538}"
EndProject
Project("{9A19103F-16F7-4668-BE54-9A1E7A4F7556}") = "Security.Core", "Src\1-Service\Security\Security.Core\Security.Core.csproj", "{4608B289-72A4-4E42-93FF-6371D30A2AA7}"
EndProject
Project("{9A19103F-16F7-4668-BE54-9A1E7A4F7556}") = "Security.API", "Src\1-Service\Security\Security.API\Security.API.csproj", "{82D6808A-F7C2-4595-A28B-6E619CA10F08}"
EndProject
Project("{9A19103F-16F7-4668-BE54-9A1E7A4F7556}") = "Common.Extensions", "Src\0-Common\Common.Extensions\Common.Extensions.csproj", "{9948BD83-396D-4D91-BEEA-2550F71AD617}"
EndProject
Project("{2150E333-8FDC-42A3-9474-1A3956D46DE8}") = "Common.Tests", "Common.Tests", "{BE601E16-E40F-46AC-9E3C-546FC216D143}"
EndProject
Project("{9A19103F-16F7-4668-BE54-9A1E7A4F7556}") = "Common.Communication", "Src\0-Common\Common.Email\Common.Communication.csproj", "{16DBB21B-3380-42E5-8F7E-C3356DCAF8E3}"
EndProject
Project("{9A19103F-16F7-4668-BE54-9A1E7A4F7556}") = "Common.Security", "Src\0-Common\Common.Security\Common.Security.csproj", "{7A2A24D9-AF14-4E66-B512-16C666FA0F27}"
EndProject
Project("{9A19103F-16F7-4668-BE54-9A1E7A4F7556}") = "Appointment.Core", "Src\1-Service\Appointment\Appointment.Core\Appointment.Core.csproj", "{C430EDD4-F0FE-4C92-AD2C-930C8E1E8A8F}"
EndProject
Project("{2150E333-8FDC-42A3-9474-1A3956D46DE8}") = "Appointment", "Appointment", "{24AAD84B-5B42-4CA4-8B0D-CBAA04217BB0}"
EndProject
Project("{9A19103F-16F7-4668-BE54-9A1E7A4F7556}") = "Appointment.Infrastructure", "Src\1-Service\Appointment\Appointment.Infrastructure\Appointment.Infrastructure.csproj", "{9E4A383B-1B03-460C-9B4F-C619D2391319}"
EndProject
Project("{9A19103F-16F7-4668-BE54-9A1E7A4F7556}") = "Appointment.API", "Src\1-Service\Appointment\Appointment.API\Appointment.API.csproj", "{7693F461-0ECE-42B2-A619-2FE87C0B5A53}"
EndProject
Project("{9A19103F-16F7-4668-BE54-9A1E7A4F7556}") = "Common.MongoDb", "Src\0-Common\Common.MongoDb\Common.MongoDb.csproj", "{6177B093-F2DD-4D3D-983B-67C72E87D323}"
EndProject
Project("{9A19103F-16F7-4668-BE54-9A1E7A4F7556}") = "Common.RabbitMq", "Src\0-Common\Common.RabbitMq\Common.RabbitMq.csproj", "{19532DC0-A5FA-4AEA-B903-D533C22ED400}"
EndProject
Project("{9A19103F-16F7-4668-BE54-9A1E7A4F7556}") = "Common.Commands", "Src\0-Common\Common.Commands\Common.Commands.csproj", "{F0B74960-A995-4EBB-8CC9-8C42DEB0D46F}"
EndProject
Project("{9A19103F-16F7-4668-BE54-9A1E7A4F7556}") = "Common.Events", "Src\0-Common\Common.Events\Common.Events.csproj", "{1BEA03B9-BD26-42A5-A564-AED1571C26A0}"
EndProject
Project("{2150E333-8FDC-42A3-9474-1A3956D46DE8}") = "Appointment.Tests", "Appointment.Tests", "{E7436708-3569-40FB-90CE-ABD56C547B20}"
EndProject
Project("{2150E333-8FDC-42A3-9474-1A3956D46DE8}") = "Security.Tests", "Security.Tests", "{21AC77AE-D43E-403C-89C7-5556DC0AD53E}"
EndProject
Project("{9A19103F-16F7-4668-BE54-9A1E7A4F7556}") = "IntegrationTests", "Test\Appointments.Tests\IntegrationTests\IntegrationTests.csproj", "{D5CD5D47-30B5-4EE5-BBA4-E49A9BEF6D8C}"
EndProject
Project("{9A19103F-16F7-4668-BE54-9A1E7A4F7556}") = "FunctionalTests", "Test\Appointments.Tests\FunctionalTests\FunctionalTests.csproj", "{A983CE72-1C53-4456-A38E-6A3ABF9C038C}"
EndProject
Project("{9A19103F-16F7-4668-BE54-9A1E7A4F7556}") = "UnitTests", "Test\Appointments.Tests\UnitTests\UnitTests.csproj", "{45C5E4F8-35C0-4052-8694-7B9F2D4C8438}"
EndProject
Project("{9A19103F-16F7-4668-BE54-9A1E7A4F7556}") = "UnitTest", "Test\Secuirty.Tests\UnitTest\UnitTest.csproj", "{B2A57531-D088-40F2-9ABF-B5BDB2D0B0C5}"
EndProject
Project("{9A19103F-16F7-4668-BE54-9A1E7A4F7556}") = "IntegrationTest", "Test\Secuirty.Tests\IntegrationTest\IntegrationTest.csproj", "{A219F2DB-D837-4CD9-A4AD-3CD113B3D61D}"
EndProject
Project("{9A19103F-16F7-4668-BE54-9A1E7A4F7556}") = "FunctionalTest", "Test\Secuirty.Tests\FunctionalTest\FunctionalTest.csproj", "{550C2028-C037-4A51-96A4-BB29685C2EE8}"
EndProject
Project("{9A19103F-16F7-4668-BE54-9A1E7A4F7556}") = "Common.Loggings", "Src\0-Common\Common.Loggings\Common.Loggings.csproj", "{9271BD9B-B86A-4E26-A414-2E946351A2F8}"
EndProject
Project("{2150E333-8FDC-42A3-9474-1A3956D46DE8}") = "Logging", "Logging", "{ADB72E6C-70A9-4E69-BF0E-A8B89DE10175}"
EndProject
Project("{9A19103F-16F7-4668-BE54-9A1E7A4F7556}") = "Logging.API", "Src\1-Service\Logging\Logging.API\Logging.API.csproj", "{265FFD3A-6906-4DF8-9D29-EA8DA81CA60A}"
EndProject
Project("{9A19103F-16F7-4668-BE54-9A1E7A4F7556}") = "Logging.Core", "Src\1-Service\Logging\Logging.Core\Logging.Core.csproj", "{5756F27B-5216-4CCA-B353-3DE9C75F4C98}"
EndProject
Project("{9A19103F-16F7-4668-BE54-9A1E7A4F7556}") = "Logging.Infrastructure", "Src\1-Service\Logging\Logging.Infrastructure\Logging.Infrastructure.csproj", "{316A9D5B-5FB3-4C02-89F0-BDF375331DCD}"
EndProject
Project("{9A19103F-16F7-4668-BE54-9A1E7A4F7556}") = "Logging.BackgroundProcess", "Src\1-Service\Logging\Logging.BackgroundProcess\Logging.BackgroundProcess.csproj", "{9C3B4881-0C64-4DB4-9EFB-BBAC1BBF1C95}"
EndProject
Project("{9A19103F-16F7-4668-BE54-9A1E7A4F7556}") = "Common.RegisterContainers", "Src\0-Common\Common.RegisterContainers\Common.RegisterContainers.csproj", "{969D8A61-3E00-4BFB-963A-B0FB64C48464}"
EndProject
Project("{9A19103F-16F7-4668-BE54-9A1E7A4F7556}") = "Common.RestEase", "Src\0-Common\Common.RestEase\Common.RestEase.csproj", "{EB6C82CD-F251-4634-B76F-78F0EE8E931B}"
EndProject
Project("{9A19103F-16F7-4668-BE54-9A1E7A4F7556}") = "Common.CQRS", "Src\0-Common\Common.CQRS\Common.CQRS.csproj", "{0EC6ED1E-E9EC-4E7C-A990-775057403602}"
EndProject
Project("{2150E333-8FDC-42A3-9474-1A3956D46DE8}") = "0-Common", "0-Common", "{BF966381-979F-4B61-9A33-6118777C03F5}"
EndProject
Project("{2150E333-8FDC-42A3-9474-1A3956D46DE8}") = "1-Service", "1-Service", "{7F69198A-657E-4E2D-8087-AF09B214274B}"
EndProject
Project("{2150E333-8FDC-42A3-9474-1A3956D46DE8}") = "2-Web", "2-Web", "{9F3BAE1F-288C-406F-AA04-5CCC4630A594}"
EndProject
Project("{2150E333-8FDC-42A3-9474-1A3956D46DE8}") = "Angular", "Angular", "{8D5ED9C2-BC79-416C-AC1F-CD45C1E74336}"
EndProject
Project("{2150E333-8FDC-42A3-9474-1A3956D46DE8}") = "Blazor", "Blazor", "{D2775B2D-2B73-4DAB-94FC-726E9C65C3A9}"
EndProject
Global
	GlobalSection(SolutionConfigurationPlatforms) = preSolution
		Debug|Any CPU = Debug|Any CPU
		Release|Any CPU = Release|Any CPU
	EndGlobalSection
	GlobalSection(ProjectConfigurationPlatforms) = postSolution
		{B57DCAF5-0EE6-4D24-B728-FD8C8D6F2ED0}.Debug|Any CPU.ActiveCfg = Debug|Any CPU
		{B57DCAF5-0EE6-4D24-B728-FD8C8D6F2ED0}.Debug|Any CPU.Build.0 = Debug|Any CPU
		{B57DCAF5-0EE6-4D24-B728-FD8C8D6F2ED0}.Release|Any CPU.ActiveCfg = Release|Any CPU
		{B57DCAF5-0EE6-4D24-B728-FD8C8D6F2ED0}.Release|Any CPU.Build.0 = Release|Any CPU
		{55BD2B98-12E5-455F-9801-8C7FB5FBD538}.Debug|Any CPU.ActiveCfg = Debug|Any CPU
		{55BD2B98-12E5-455F-9801-8C7FB5FBD538}.Debug|Any CPU.Build.0 = Debug|Any CPU
		{55BD2B98-12E5-455F-9801-8C7FB5FBD538}.Release|Any CPU.ActiveCfg = Release|Any CPU
		{55BD2B98-12E5-455F-9801-8C7FB5FBD538}.Release|Any CPU.Build.0 = Release|Any CPU
		{4608B289-72A4-4E42-93FF-6371D30A2AA7}.Debug|Any CPU.ActiveCfg = Debug|Any CPU
		{4608B289-72A4-4E42-93FF-6371D30A2AA7}.Debug|Any CPU.Build.0 = Debug|Any CPU
		{4608B289-72A4-4E42-93FF-6371D30A2AA7}.Release|Any CPU.ActiveCfg = Release|Any CPU
		{4608B289-72A4-4E42-93FF-6371D30A2AA7}.Release|Any CPU.Build.0 = Release|Any CPU
		{82D6808A-F7C2-4595-A28B-6E619CA10F08}.Debug|Any CPU.ActiveCfg = Debug|Any CPU
		{82D6808A-F7C2-4595-A28B-6E619CA10F08}.Debug|Any CPU.Build.0 = Debug|Any CPU
		{82D6808A-F7C2-4595-A28B-6E619CA10F08}.Release|Any CPU.ActiveCfg = Release|Any CPU
		{82D6808A-F7C2-4595-A28B-6E619CA10F08}.Release|Any CPU.Build.0 = Release|Any CPU
		{9948BD83-396D-4D91-BEEA-2550F71AD617}.Debug|Any CPU.ActiveCfg = Debug|Any CPU
		{9948BD83-396D-4D91-BEEA-2550F71AD617}.Debug|Any CPU.Build.0 = Debug|Any CPU
		{9948BD83-396D-4D91-BEEA-2550F71AD617}.Release|Any CPU.ActiveCfg = Release|Any CPU
		{9948BD83-396D-4D91-BEEA-2550F71AD617}.Release|Any CPU.Build.0 = Release|Any CPU
		{16DBB21B-3380-42E5-8F7E-C3356DCAF8E3}.Debug|Any CPU.ActiveCfg = Debug|Any CPU
		{16DBB21B-3380-42E5-8F7E-C3356DCAF8E3}.Debug|Any CPU.Build.0 = Debug|Any CPU
		{16DBB21B-3380-42E5-8F7E-C3356DCAF8E3}.Release|Any CPU.ActiveCfg = Release|Any CPU
		{16DBB21B-3380-42E5-8F7E-C3356DCAF8E3}.Release|Any CPU.Build.0 = Release|Any CPU
		{7A2A24D9-AF14-4E66-B512-16C666FA0F27}.Debug|Any CPU.ActiveCfg = Debug|Any CPU
		{7A2A24D9-AF14-4E66-B512-16C666FA0F27}.Debug|Any CPU.Build.0 = Debug|Any CPU
		{7A2A24D9-AF14-4E66-B512-16C666FA0F27}.Release|Any CPU.ActiveCfg = Release|Any CPU
		{7A2A24D9-AF14-4E66-B512-16C666FA0F27}.Release|Any CPU.Build.0 = Release|Any CPU
		{C430EDD4-F0FE-4C92-AD2C-930C8E1E8A8F}.Debug|Any CPU.ActiveCfg = Debug|Any CPU
		{C430EDD4-F0FE-4C92-AD2C-930C8E1E8A8F}.Debug|Any CPU.Build.0 = Debug|Any CPU
		{C430EDD4-F0FE-4C92-AD2C-930C8E1E8A8F}.Release|Any CPU.ActiveCfg = Release|Any CPU
		{C430EDD4-F0FE-4C92-AD2C-930C8E1E8A8F}.Release|Any CPU.Build.0 = Release|Any CPU
		{9E4A383B-1B03-460C-9B4F-C619D2391319}.Debug|Any CPU.ActiveCfg = Debug|Any CPU
		{9E4A383B-1B03-460C-9B4F-C619D2391319}.Debug|Any CPU.Build.0 = Debug|Any CPU
		{9E4A383B-1B03-460C-9B4F-C619D2391319}.Release|Any CPU.ActiveCfg = Release|Any CPU
		{9E4A383B-1B03-460C-9B4F-C619D2391319}.Release|Any CPU.Build.0 = Release|Any CPU
		{7693F461-0ECE-42B2-A619-2FE87C0B5A53}.Debug|Any CPU.ActiveCfg = Debug|Any CPU
		{7693F461-0ECE-42B2-A619-2FE87C0B5A53}.Debug|Any CPU.Build.0 = Debug|Any CPU
		{7693F461-0ECE-42B2-A619-2FE87C0B5A53}.Release|Any CPU.ActiveCfg = Release|Any CPU
		{7693F461-0ECE-42B2-A619-2FE87C0B5A53}.Release|Any CPU.Build.0 = Release|Any CPU
		{6177B093-F2DD-4D3D-983B-67C72E87D323}.Debug|Any CPU.ActiveCfg = Debug|Any CPU
		{6177B093-F2DD-4D3D-983B-67C72E87D323}.Debug|Any CPU.Build.0 = Debug|Any CPU
		{6177B093-F2DD-4D3D-983B-67C72E87D323}.Release|Any CPU.ActiveCfg = Release|Any CPU
		{6177B093-F2DD-4D3D-983B-67C72E87D323}.Release|Any CPU.Build.0 = Release|Any CPU
		{19532DC0-A5FA-4AEA-B903-D533C22ED400}.Debug|Any CPU.ActiveCfg = Debug|Any CPU
		{19532DC0-A5FA-4AEA-B903-D533C22ED400}.Debug|Any CPU.Build.0 = Debug|Any CPU
		{19532DC0-A5FA-4AEA-B903-D533C22ED400}.Release|Any CPU.ActiveCfg = Release|Any CPU
		{19532DC0-A5FA-4AEA-B903-D533C22ED400}.Release|Any CPU.Build.0 = Release|Any CPU
		{F0B74960-A995-4EBB-8CC9-8C42DEB0D46F}.Debug|Any CPU.ActiveCfg = Debug|Any CPU
		{F0B74960-A995-4EBB-8CC9-8C42DEB0D46F}.Debug|Any CPU.Build.0 = Debug|Any CPU
		{F0B74960-A995-4EBB-8CC9-8C42DEB0D46F}.Release|Any CPU.ActiveCfg = Release|Any CPU
		{F0B74960-A995-4EBB-8CC9-8C42DEB0D46F}.Release|Any CPU.Build.0 = Release|Any CPU
		{1BEA03B9-BD26-42A5-A564-AED1571C26A0}.Debug|Any CPU.ActiveCfg = Debug|Any CPU
		{1BEA03B9-BD26-42A5-A564-AED1571C26A0}.Debug|Any CPU.Build.0 = Debug|Any CPU
		{1BEA03B9-BD26-42A5-A564-AED1571C26A0}.Release|Any CPU.ActiveCfg = Release|Any CPU
		{1BEA03B9-BD26-42A5-A564-AED1571C26A0}.Release|Any CPU.Build.0 = Release|Any CPU
		{D5CD5D47-30B5-4EE5-BBA4-E49A9BEF6D8C}.Debug|Any CPU.ActiveCfg = Debug|Any CPU
		{D5CD5D47-30B5-4EE5-BBA4-E49A9BEF6D8C}.Debug|Any CPU.Build.0 = Debug|Any CPU
		{D5CD5D47-30B5-4EE5-BBA4-E49A9BEF6D8C}.Release|Any CPU.ActiveCfg = Release|Any CPU
		{D5CD5D47-30B5-4EE5-BBA4-E49A9BEF6D8C}.Release|Any CPU.Build.0 = Release|Any CPU
		{A983CE72-1C53-4456-A38E-6A3ABF9C038C}.Debug|Any CPU.ActiveCfg = Debug|Any CPU
		{A983CE72-1C53-4456-A38E-6A3ABF9C038C}.Debug|Any CPU.Build.0 = Debug|Any CPU
		{A983CE72-1C53-4456-A38E-6A3ABF9C038C}.Release|Any CPU.ActiveCfg = Release|Any CPU
		{A983CE72-1C53-4456-A38E-6A3ABF9C038C}.Release|Any CPU.Build.0 = Release|Any CPU
		{45C5E4F8-35C0-4052-8694-7B9F2D4C8438}.Debug|Any CPU.ActiveCfg = Debug|Any CPU
		{45C5E4F8-35C0-4052-8694-7B9F2D4C8438}.Debug|Any CPU.Build.0 = Debug|Any CPU
		{45C5E4F8-35C0-4052-8694-7B9F2D4C8438}.Release|Any CPU.ActiveCfg = Release|Any CPU
		{45C5E4F8-35C0-4052-8694-7B9F2D4C8438}.Release|Any CPU.Build.0 = Release|Any CPU
		{B2A57531-D088-40F2-9ABF-B5BDB2D0B0C5}.Debug|Any CPU.ActiveCfg = Debug|Any CPU
		{B2A57531-D088-40F2-9ABF-B5BDB2D0B0C5}.Debug|Any CPU.Build.0 = Debug|Any CPU
		{B2A57531-D088-40F2-9ABF-B5BDB2D0B0C5}.Release|Any CPU.ActiveCfg = Release|Any CPU
		{B2A57531-D088-40F2-9ABF-B5BDB2D0B0C5}.Release|Any CPU.Build.0 = Release|Any CPU
		{A219F2DB-D837-4CD9-A4AD-3CD113B3D61D}.Debug|Any CPU.ActiveCfg = Debug|Any CPU
		{A219F2DB-D837-4CD9-A4AD-3CD113B3D61D}.Debug|Any CPU.Build.0 = Debug|Any CPU
		{A219F2DB-D837-4CD9-A4AD-3CD113B3D61D}.Release|Any CPU.ActiveCfg = Release|Any CPU
		{A219F2DB-D837-4CD9-A4AD-3CD113B3D61D}.Release|Any CPU.Build.0 = Release|Any CPU
		{550C2028-C037-4A51-96A4-BB29685C2EE8}.Debug|Any CPU.ActiveCfg = Debug|Any CPU
		{550C2028-C037-4A51-96A4-BB29685C2EE8}.Debug|Any CPU.Build.0 = Debug|Any CPU
		{550C2028-C037-4A51-96A4-BB29685C2EE8}.Release|Any CPU.ActiveCfg = Release|Any CPU
		{550C2028-C037-4A51-96A4-BB29685C2EE8}.Release|Any CPU.Build.0 = Release|Any CPU
		{9271BD9B-B86A-4E26-A414-2E946351A2F8}.Debug|Any CPU.ActiveCfg = Debug|Any CPU
		{9271BD9B-B86A-4E26-A414-2E946351A2F8}.Debug|Any CPU.Build.0 = Debug|Any CPU
		{9271BD9B-B86A-4E26-A414-2E946351A2F8}.Release|Any CPU.ActiveCfg = Release|Any CPU
		{9271BD9B-B86A-4E26-A414-2E946351A2F8}.Release|Any CPU.Build.0 = Release|Any CPU
		{265FFD3A-6906-4DF8-9D29-EA8DA81CA60A}.Debug|Any CPU.ActiveCfg = Debug|Any CPU
		{265FFD3A-6906-4DF8-9D29-EA8DA81CA60A}.Debug|Any CPU.Build.0 = Debug|Any CPU
		{265FFD3A-6906-4DF8-9D29-EA8DA81CA60A}.Release|Any CPU.ActiveCfg = Release|Any CPU
		{265FFD3A-6906-4DF8-9D29-EA8DA81CA60A}.Release|Any CPU.Build.0 = Release|Any CPU
		{5756F27B-5216-4CCA-B353-3DE9C75F4C98}.Debug|Any CPU.ActiveCfg = Debug|Any CPU
		{5756F27B-5216-4CCA-B353-3DE9C75F4C98}.Debug|Any CPU.Build.0 = Debug|Any CPU
		{5756F27B-5216-4CCA-B353-3DE9C75F4C98}.Release|Any CPU.ActiveCfg = Release|Any CPU
		{5756F27B-5216-4CCA-B353-3DE9C75F4C98}.Release|Any CPU.Build.0 = Release|Any CPU
		{316A9D5B-5FB3-4C02-89F0-BDF375331DCD}.Debug|Any CPU.ActiveCfg = Debug|Any CPU
		{316A9D5B-5FB3-4C02-89F0-BDF375331DCD}.Debug|Any CPU.Build.0 = Debug|Any CPU
		{316A9D5B-5FB3-4C02-89F0-BDF375331DCD}.Release|Any CPU.ActiveCfg = Release|Any CPU
		{316A9D5B-5FB3-4C02-89F0-BDF375331DCD}.Release|Any CPU.Build.0 = Release|Any CPU
		{9C3B4881-0C64-4DB4-9EFB-BBAC1BBF1C95}.Debug|Any CPU.ActiveCfg = Debug|Any CPU
		{9C3B4881-0C64-4DB4-9EFB-BBAC1BBF1C95}.Debug|Any CPU.Build.0 = Debug|Any CPU
		{9C3B4881-0C64-4DB4-9EFB-BBAC1BBF1C95}.Release|Any CPU.ActiveCfg = Release|Any CPU
		{9C3B4881-0C64-4DB4-9EFB-BBAC1BBF1C95}.Release|Any CPU.Build.0 = Release|Any CPU
		{969D8A61-3E00-4BFB-963A-B0FB64C48464}.Debug|Any CPU.ActiveCfg = Debug|Any CPU
		{969D8A61-3E00-4BFB-963A-B0FB64C48464}.Debug|Any CPU.Build.0 = Debug|Any CPU
		{969D8A61-3E00-4BFB-963A-B0FB64C48464}.Release|Any CPU.ActiveCfg = Release|Any CPU
		{969D8A61-3E00-4BFB-963A-B0FB64C48464}.Release|Any CPU.Build.0 = Release|Any CPU
		{EB6C82CD-F251-4634-B76F-78F0EE8E931B}.Debug|Any CPU.ActiveCfg = Debug|Any CPU
		{EB6C82CD-F251-4634-B76F-78F0EE8E931B}.Debug|Any CPU.Build.0 = Debug|Any CPU
		{EB6C82CD-F251-4634-B76F-78F0EE8E931B}.Release|Any CPU.ActiveCfg = Release|Any CPU
		{EB6C82CD-F251-4634-B76F-78F0EE8E931B}.Release|Any CPU.Build.0 = Release|Any CPU
		{0EC6ED1E-E9EC-4E7C-A990-775057403602}.Debug|Any CPU.ActiveCfg = Debug|Any CPU
		{0EC6ED1E-E9EC-4E7C-A990-775057403602}.Debug|Any CPU.Build.0 = Debug|Any CPU
		{0EC6ED1E-E9EC-4E7C-A990-775057403602}.Release|Any CPU.ActiveCfg = Release|Any CPU
		{0EC6ED1E-E9EC-4E7C-A990-775057403602}.Release|Any CPU.Build.0 = Release|Any CPU
	EndGlobalSection
	GlobalSection(SolutionProperties) = preSolution
		HideSolutionNode = FALSE
	EndGlobalSection
	GlobalSection(NestedProjects) = preSolution
		{3843F126-235D-4CB9-BE05-766F2411CBD1} = {7F69198A-657E-4E2D-8087-AF09B214274B}
		{B57DCAF5-0EE6-4D24-B728-FD8C8D6F2ED0} = {BF966381-979F-4B61-9A33-6118777C03F5}
		{55BD2B98-12E5-455F-9801-8C7FB5FBD538} = {3843F126-235D-4CB9-BE05-766F2411CBD1}
		{4608B289-72A4-4E42-93FF-6371D30A2AA7} = {3843F126-235D-4CB9-BE05-766F2411CBD1}
		{82D6808A-F7C2-4595-A28B-6E619CA10F08} = {3843F126-235D-4CB9-BE05-766F2411CBD1}
		{9948BD83-396D-4D91-BEEA-2550F71AD617} = {BF966381-979F-4B61-9A33-6118777C03F5}
		{BE601E16-E40F-46AC-9E3C-546FC216D143} = {468EA012-F5D6-4179-9911-2F8DB318C0BA}
		{16DBB21B-3380-42E5-8F7E-C3356DCAF8E3} = {BF966381-979F-4B61-9A33-6118777C03F5}
		{7A2A24D9-AF14-4E66-B512-16C666FA0F27} = {BF966381-979F-4B61-9A33-6118777C03F5}
		{C430EDD4-F0FE-4C92-AD2C-930C8E1E8A8F} = {24AAD84B-5B42-4CA4-8B0D-CBAA04217BB0}
		{24AAD84B-5B42-4CA4-8B0D-CBAA04217BB0} = {7F69198A-657E-4E2D-8087-AF09B214274B}
		{9E4A383B-1B03-460C-9B4F-C619D2391319} = {24AAD84B-5B42-4CA4-8B0D-CBAA04217BB0}
		{7693F461-0ECE-42B2-A619-2FE87C0B5A53} = {24AAD84B-5B42-4CA4-8B0D-CBAA04217BB0}
		{6177B093-F2DD-4D3D-983B-67C72E87D323} = {BF966381-979F-4B61-9A33-6118777C03F5}
		{19532DC0-A5FA-4AEA-B903-D533C22ED400} = {BF966381-979F-4B61-9A33-6118777C03F5}
		{F0B74960-A995-4EBB-8CC9-8C42DEB0D46F} = {BF966381-979F-4B61-9A33-6118777C03F5}
		{1BEA03B9-BD26-42A5-A564-AED1571C26A0} = {BF966381-979F-4B61-9A33-6118777C03F5}
		{E7436708-3569-40FB-90CE-ABD56C547B20} = {468EA012-F5D6-4179-9911-2F8DB318C0BA}
		{21AC77AE-D43E-403C-89C7-5556DC0AD53E} = {468EA012-F5D6-4179-9911-2F8DB318C0BA}
		{D5CD5D47-30B5-4EE5-BBA4-E49A9BEF6D8C} = {E7436708-3569-40FB-90CE-ABD56C547B20}
		{A983CE72-1C53-4456-A38E-6A3ABF9C038C} = {E7436708-3569-40FB-90CE-ABD56C547B20}
		{45C5E4F8-35C0-4052-8694-7B9F2D4C8438} = {E7436708-3569-40FB-90CE-ABD56C547B20}
		{B2A57531-D088-40F2-9ABF-B5BDB2D0B0C5} = {21AC77AE-D43E-403C-89C7-5556DC0AD53E}
		{A219F2DB-D837-4CD9-A4AD-3CD113B3D61D} = {21AC77AE-D43E-403C-89C7-5556DC0AD53E}
		{550C2028-C037-4A51-96A4-BB29685C2EE8} = {21AC77AE-D43E-403C-89C7-5556DC0AD53E}
		{9271BD9B-B86A-4E26-A414-2E946351A2F8} = {BF966381-979F-4B61-9A33-6118777C03F5}
		{ADB72E6C-70A9-4E69-BF0E-A8B89DE10175} = {7F69198A-657E-4E2D-8087-AF09B214274B}
		{265FFD3A-6906-4DF8-9D29-EA8DA81CA60A} = {ADB72E6C-70A9-4E69-BF0E-A8B89DE10175}
		{5756F27B-5216-4CCA-B353-3DE9C75F4C98} = {ADB72E6C-70A9-4E69-BF0E-A8B89DE10175}
		{316A9D5B-5FB3-4C02-89F0-BDF375331DCD} = {ADB72E6C-70A9-4E69-BF0E-A8B89DE10175}
		{9C3B4881-0C64-4DB4-9EFB-BBAC1BBF1C95} = {ADB72E6C-70A9-4E69-BF0E-A8B89DE10175}
		{969D8A61-3E00-4BFB-963A-B0FB64C48464} = {BF966381-979F-4B61-9A33-6118777C03F5}
		{EB6C82CD-F251-4634-B76F-78F0EE8E931B} = {BF966381-979F-4B61-9A33-6118777C03F5}
		{0EC6ED1E-E9EC-4E7C-A990-775057403602} = {BF966381-979F-4B61-9A33-6118777C03F5}
		{BF966381-979F-4B61-9A33-6118777C03F5} = {8C9E59D8-1005-4421-A864-2EE59DB6D73C}
		{7F69198A-657E-4E2D-8087-AF09B214274B} = {8C9E59D8-1005-4421-A864-2EE59DB6D73C}
		{9F3BAE1F-288C-406F-AA04-5CCC4630A594} = {8C9E59D8-1005-4421-A864-2EE59DB6D73C}
		{8D5ED9C2-BC79-416C-AC1F-CD45C1E74336} = {9F3BAE1F-288C-406F-AA04-5CCC4630A594}
		{D2775B2D-2B73-4DAB-94FC-726E9C65C3A9} = {9F3BAE1F-288C-406F-AA04-5CCC4630A594}
	EndGlobalSection
	GlobalSection(ExtensibilityGlobals) = postSolution
		SolutionGuid = {EE637489-325D-411B-9178-14A37E5FA3D8}
	EndGlobalSection
EndGlobal
